
Microsoft Visual Studio Solution File, Format Version 12.00
# Visual Studio Version 16
VisualStudioVersion = 16.0.29503.13
MinimumVisualStudioVersion = 10.0.40219.1
Project("{FAE04EC0-301F-11D3-BF4B-00C04F79EFBC}") = "PublisherSample", "PublisherSample.csproj", "{934B4E02-91FB-4973-8E9E-7503A9C8696F}"
EndProject
Global
	GlobalSection(SolutionConfigurationPlatforms) = preSolution
		Debug|Any CPU = Debug|Any CPU
		Debug|x64 = Debug|x64
		Release|Any CPU = Release|Any CPU
		Release|x64 = Release|x64
	EndGlobalSection
	GlobalSection(ProjectConfigurationPlatforms) = postSolution
		{934B4E02-91FB-4973-8E9E-7503A9C8696F}.Debug|Any CPU.ActiveCfg = Debug|Any CPU
		{934B4E02-91FB-4973-8E9E-7503A9C8696F}.Debug|Any CPU.Build.0 = Debug|Any CPU
		{934B4E02-91FB-4973-8E9E-7503A9C8696F}.Debug|x64.ActiveCfg = Debug|Any CPU
		{934B4E02-91FB-4973-8E9E-7503A9C8696F}.Debug|x64.Build.0 = Debug|Any CPU
		{934B4E02-91FB-4973-8E9E-7503A9C8696F}.Release|Any CPU.ActiveCfg = Release|Any CPU
		{934B4E02-91FB-4973-8E9E-7503A9C8696F}.Release|Any CPU.Build.0 = Release|Any CPU
		{934B4E02-91FB-4973-8E9E-7503A9C8696F}.Release|x64.ActiveCfg = Release|Any CPU
		{934B4E02-91FB-4973-8E9E-7503A9C8696F}.Release|x64.Build.0 = Release|Any CPU
	EndGlobalSection
	GlobalSection(SolutionProperties) = preSolution
		HideSolutionNode = FALSE
	EndGlobalSection
	GlobalSection(ExtensibilityGlobals) = postSolution
		SolutionGuid = {B0627997-BEAA-4F9E-A1FC-ADFB9E59300B}
	EndGlobalSection
EndGlobal
